
Microsoft Visual Studio Solution File, Format Version 12.00
Project("{FAE04EC0-301F-11D3-BF4B-00C04F79EFBC}") = "SoilSensor", "SoilSensor\SoilSensor.csproj", "{FF115A9C-3075-4C2D-9E23-2D642A7574F3}"
EndProject
Global
	GlobalSection(SolutionConfigurationPlatforms) = preSolution
		Debug|Any CPU = Debug|Any CPU
		Release|Any CPU = Release|Any CPU
	EndGlobalSection
	GlobalSection(ProjectConfigurationPlatforms) = postSolution
		{FF115A9C-3075-4C2D-9E23-2D642A7574F3}.Debug|Any CPU.ActiveCfg = Debug|Any CPU
		{FF115A9C-3075-4C2D-9E23-2D642A7574F3}.Debug|Any CPU.Build.0 = Debug|Any CPU
		{FF115A9C-3075-4C2D-9E23-2D642A7574F3}.Release|Any CPU.ActiveCfg = Release|Any CPU
		{FF115A9C-3075-4C2D-9E23-2D642A7574F3}.Release|Any CPU.Build.0 = Release|Any CPU
	EndGlobalSection
EndGlobal
